{
  "name": "@noble/secp256k1",
  "version": "2.0.0",
  "lockfileVersion": 3,
  "requires": true,
  "packages": {
    "": {
      "name": "@noble/secp256k1",
      "version": "2.0.0",
      "funding": [
        {
          "type": "individual",
          "url": "https://paulmillr.com/funding/"
        }
      ],
      "license": "MIT",
      "dependencies": {
        "react-native-randombytes": "^3.6.1"
      },
      "devDependencies": {
        "@noble/hashes": "1.3.0",
        "fast-check": "3.0.0",
        "micro-bmark": "0.3.0",
        "micro-should": "0.4.0",
        "typescript": "5.0.2"
      }
    },
    "node_modules/@noble/hashes": {
      "version": "1.3.0",
      "resolved": "https://registry.npmjs.org/@noble/hashes/-/hashes-1.3.0.tgz",
      "integrity": "sha512-ilHEACi9DwqJB0pw7kv+Apvh50jiiSyR/cQ3y4W7lOR5mhvn/50FLUfsnfJz0BDZtl/RR16kXvptiv6q1msYZg==",
      "dev": true,
      "funding": [
        {
          "type": "individual",
          "url": "https://paulmillr.com/funding/"
        }
      ]
    },
    "node_modules/base64-js": {
      "version": "1.5.1",
      "resolved": "https://registry.npmjs.org/base64-js/-/base64-js-1.5.1.tgz",
      "integrity": "sha512-AKpaYlHn8t4SVbOHCy+b5+KKgvR4vrsD8vbvrbiQJps7fKDTkjkDry6ji0rUJjC0kzbNePLwzxq8iypo41qeWA==",
      "funding": [
        {
          "type": "github",
          "url": "https://github.com/sponsors/feross"
        },
        {
          "type": "patreon",
          "url": "https://www.patreon.com/feross"
        },
        {
          "type": "consulting",
          "url": "https://feross.org/support"
        }
      ]
    },
    "node_modules/buffer": {
      "version": "4.9.2",
      "resolved": "https://registry.npmjs.org/buffer/-/buffer-4.9.2.tgz",
      "integrity": "sha512-xq+q3SRMOxGivLhBNaUdC64hDTQwejJ+H0T/NB1XMtTVEwNTrfFF3gAxiyW0Bu/xWEGhjVKgUcMhCrUy2+uCWg==",
      "dependencies": {
        "base64-js": "^1.0.2",
        "ieee754": "^1.1.4",
        "isarray": "^1.0.0"
      }
    },
    "node_modules/fast-check": {
      "version": "3.0.0",
      "resolved": "https://registry.npmjs.org/fast-check/-/fast-check-3.0.0.tgz",
      "integrity": "sha512-uujtrFJEQQqnIMO52ARwzPcuV4omiL1OJBUBLE9WnNFeu0A97sREXDOmCIHY+Z6KLVcemUf09rWr0q0Xy/Y/Ew==",
      "dev": true,
      "dependencies": {
        "pure-rand": "^5.0.1"
      },
      "engines": {
        "node": ">=8.0.0"
      },
      "funding": {
        "type": "opencollective",
        "url": "https://opencollective.com/fast-check"
      }
    },
    "node_modules/ieee754": {
      "version": "1.2.1",
      "resolved": "https://registry.npmjs.org/ieee754/-/ieee754-1.2.1.tgz",
      "integrity": "sha512-dcyqhDvX1C46lXZcVqCpK+FtMRQVdIMN6/Df5js2zouUsqG7I6sFxitIC+7KYK29KdXOLHdu9zL4sFnoVQnqaA==",
      "funding": [
        {
          "type": "github",
          "url": "https://github.com/sponsors/feross"
        },
        {
          "type": "patreon",
          "url": "https://www.patreon.com/feross"
        },
        {
          "type": "consulting",
          "url": "https://feross.org/support"
        }
      ]
    },
    "node_modules/isarray": {
      "version": "1.0.0",
      "resolved": "https://registry.npmjs.org/isarray/-/isarray-1.0.0.tgz",
      "integrity": "sha512-VLghIWNM6ELQzo7zwmcg0NmTVyWKYjvIeM83yjp0wRDTmUnrM678fQbcKBo6n2CJEF0szoG//ytg+TKla89ALQ=="
    },
    "node_modules/micro-bmark": {
      "version": "0.3.0",
      "resolved": "https://registry.npmjs.org/micro-bmark/-/micro-bmark-0.3.0.tgz",
      "integrity": "sha512-rYu+AtUq8lC3zPCoxkOOtwhgJoMpCDGe0/BXUCkj6+H9f/U/TunH/n/qkN98yh04dCCtDV8Aj9uYO3+DKxYrcw==",
      "dev": true
    },
    "node_modules/micro-should": {
      "version": "0.4.0",
      "resolved": "https://registry.npmjs.org/micro-should/-/micro-should-0.4.0.tgz",
      "integrity": "sha512-Vclj8yrngSYc9Y3dL2C+AdUlTkyx/syWc4R7LYfk4h7+icfF0DoUBGjjUIaEDzZA19RzoI+Hg8rW9IRoNGP0tQ==",
      "dev": true
    },
    "node_modules/pure-rand": {
      "version": "5.0.5",
      "resolved": "https://registry.npmjs.org/pure-rand/-/pure-rand-5.0.5.tgz",
      "integrity": "sha512-BwQpbqxSCBJVpamI6ydzcKqyFmnd5msMWUGvzXLm1aXvusbbgkbOto/EUPM00hjveJEaJtdbhUjKSzWRhQVkaw==",
      "dev": true,
      "funding": [
        {
          "type": "individual",
          "url": "https://github.com/sponsors/dubzzz"
        },
        {
          "type": "opencollective",
          "url": "https://opencollective.com/fast-check"
        }
      ]
    },
    "node_modules/react-native-randombytes": {
      "version": "3.6.1",
      "resolved": "https://registry.npmjs.org/react-native-randombytes/-/react-native-randombytes-3.6.1.tgz",
      "integrity": "sha512-qxkwMbOZ0Hff1V7VqpaWrR6ItkA+oF6bnI79Qp9F3Tk8WBsdKDi6m1mi3dEdFWePoRLrhJ2L03rU0yabst1tVw==",
      "dependencies": {
        "buffer": "^4.9.1",
        "sjcl": "^1.0.3"
      }
    },
    "node_modules/sjcl": {
      "version": "1.0.8",
      "resolved": "https://registry.npmjs.org/sjcl/-/sjcl-1.0.8.tgz",
      "integrity": "sha512-LzIjEQ0S0DpIgnxMEayM1rq9aGwGRG4OnZhCdjx7glTaJtf4zRfpg87ImfjSJjoW9vKpagd82McDOwbRT5kQKQ==",
      "engines": {
        "node": "*"
      }
    },
    "node_modules/typescript": {
      "version": "5.0.2",
      "resolved": "https://registry.npmjs.org/typescript/-/typescript-5.0.2.tgz",
      "integrity": "sha512-wVORMBGO/FAs/++blGNeAVdbNKtIh1rbBL2EyQ1+J9lClJ93KiiKe8PmFIVdXhHcyv44SL9oglmfeSsndo0jRw==",
      "dev": true,
      "bin": {
        "tsc": "bin/tsc",
        "tsserver": "bin/tsserver"
      },
      "engines": {
        "node": ">=12.20"
      }
    }
  }
}
